
Microsoft Visual Studio Solution File, Format Version 12.00
# Visual Studio Version 17
VisualStudioVersion = 17.9.34728.123
MinimumVisualStudioVersion = 10.0.40219.1
Project("{9A19103F-16F7-4668-BE54-9A1E7A4F7556}") = "Indiko.OpenWeatherClient", "Indiko.OpenWeatherClient\Indiko.OpenWeatherClient.csproj", "{C0DCC5AF-4C25-4BCA-AACE-095515D0C873}"
EndProject
Project("{2150E333-8FDC-42A3-9474-1A3956D46DE8}") = "Solution Items", "Solution Items", "{72619858-9C14-4668-8430-0A3BCFD33768}"
	ProjectSection(SolutionItems) = preProject
		..\README.md = ..\README.md
	EndProjectSection
EndProject
Project("{2150E333-8FDC-42A3-9474-1A3956D46DE8}") = "src", "src", "{FAE6981C-18D1-42A7-8F35-F4B249BCEDAE}"
EndProject
Project("{2150E333-8FDC-42A3-9474-1A3956D46DE8}") = "tests", "tests", "{BFB88B54-1F7C-4529-8C92-AD66B8DF2EF5}"
EndProject
Project("{FAE04EC0-301F-11D3-BF4B-00C04F79EFBC}") = "Indiko.OpenWeatherClient.Tests", "..\tests\Indiko.OpenWeatherClient.Tests\Indiko.OpenWeatherClient.Tests.csproj", "{0584C53B-D607-439C-81D8-6D3D712B9944}"
EndProject
Global
	GlobalSection(SolutionConfigurationPlatforms) = preSolution
		Debug|Any CPU = Debug|Any CPU
		Release|Any CPU = Release|Any CPU
	EndGlobalSection
	GlobalSection(ProjectConfigurationPlatforms) = postSolution
		{C0DCC5AF-4C25-4BCA-AACE-095515D0C873}.Debug|Any CPU.ActiveCfg = Debug|Any CPU
		{C0DCC5AF-4C25-4BCA-AACE-095515D0C873}.Debug|Any CPU.Build.0 = Debug|Any CPU
		{C0DCC5AF-4C25-4BCA-AACE-095515D0C873}.Release|Any CPU.ActiveCfg = Release|Any CPU
		{C0DCC5AF-4C25-4BCA-AACE-095515D0C873}.Release|Any CPU.Build.0 = Release|Any CPU
		{0584C53B-D607-439C-81D8-6D3D712B9944}.Debug|Any CPU.ActiveCfg = Debug|Any CPU
		{0584C53B-D607-439C-81D8-6D3D712B9944}.Debug|Any CPU.Build.0 = Debug|Any CPU
		{0584C53B-D607-439C-81D8-6D3D712B9944}.Release|Any CPU.ActiveCfg = Release|Any CPU
		{0584C53B-D607-439C-81D8-6D3D712B9944}.Release|Any CPU.Build.0 = Release|Any CPU
	EndGlobalSection
	GlobalSection(SolutionProperties) = preSolution
		HideSolutionNode = FALSE
	EndGlobalSection
	GlobalSection(NestedProjects) = preSolution
		{C0DCC5AF-4C25-4BCA-AACE-095515D0C873} = {FAE6981C-18D1-42A7-8F35-F4B249BCEDAE}
		{0584C53B-D607-439C-81D8-6D3D712B9944} = {BFB88B54-1F7C-4529-8C92-AD66B8DF2EF5}
	EndGlobalSection
	GlobalSection(ExtensibilityGlobals) = postSolution
		SolutionGuid = {B487E051-95D4-4F59-AE56-6F806E31652D}
	EndGlobalSection
EndGlobal
